
Microsoft Visual Studio Solution File, Format Version 12.00
# Visual Studio 14
VisualStudioVersion = 14.0.25420.1
MinimumVisualStudioVersion = 10.0.40219.1
Project("{FAE04EC0-301F-11D3-BF4B-00C04F79EFBC}") = "Frends.ServiceBus", "Frends.ServiceBus\Frends.ServiceBus.csproj", "{22EB5924-3103-461B-88BE-60AE79F86407}"
EndProject
Project("{FAE04EC0-301F-11D3-BF4B-00C04F79EFBC}") = "Frends.ServiceBus.Tests", "Frends.ServiceBus.Tests\Frends.ServiceBus.Tests.csproj", "{1670BFDF-6023-4798-8E6F-48EB49A89B58}"
EndProject
Project("{2150E333-8FDC-42A3-9474-1A3956D46DE8}") = "nuspec", "nuspec", "{E105E543-7A4D-4379-A50A-2D9605CA94AC}"
	ProjectSection(SolutionItems) = preProject
		nuspec\Frends.ServiceBus.nuspec = nuspec\Frends.ServiceBus.nuspec
	EndProjectSection
EndProject
Global
	GlobalSection(SolutionConfigurationPlatforms) = preSolution
		Debug|Any CPU = Debug|Any CPU
		Release|Any CPU = Release|Any CPU
	EndGlobalSection
	GlobalSection(ProjectConfigurationPlatforms) = postSolution
		{22EB5924-3103-461B-88BE-60AE79F86407}.Debug|Any CPU.ActiveCfg = Debug|Any CPU
		{22EB5924-3103-461B-88BE-60AE79F86407}.Debug|Any CPU.Build.0 = Debug|Any CPU
		{22EB5924-3103-461B-88BE-60AE79F86407}.Release|Any CPU.ActiveCfg = Release|Any CPU
		{22EB5924-3103-461B-88BE-60AE79F86407}.Release|Any CPU.Build.0 = Release|Any CPU
		{1670BFDF-6023-4798-8E6F-48EB49A89B58}.Debug|Any CPU.ActiveCfg = Debug|Any CPU
		{1670BFDF-6023-4798-8E6F-48EB49A89B58}.Debug|Any CPU.Build.0 = Debug|Any CPU
		{1670BFDF-6023-4798-8E6F-48EB49A89B58}.Release|Any CPU.ActiveCfg = Release|Any CPU
		{1670BFDF-6023-4798-8E6F-48EB49A89B58}.Release|Any CPU.Build.0 = Release|Any CPU
	EndGlobalSection
	GlobalSection(SolutionProperties) = preSolution
		HideSolutionNode = FALSE
	EndGlobalSection
EndGlobal
